// !$*UTF8*$!
{
	archiveVersion = 1;
	classes = {
	};
	objectVersion = 50;
	objects = {

/* Begin PBXBuildFile section */
		B98633B43551F2FFE51FCB09 /* Pods_Whatcha_.framework in Frameworks */ = {isa = PBXBuildFile; fileRef = 5F8B970378B2DEBA3A68E4F2 /* Pods_Whatcha_.framework */; };
		C05A7043212F144700AA10DA /* Network.swift in Sources */ = {isa = PBXBuildFile; fileRef = C05A7042212F144700AA10DA /* Network.swift */; };
		C05A7045212F629C00AA10DA /* TabBarController.swift in Sources */ = {isa = PBXBuildFile; fileRef = C05A7044212F629C00AA10DA /* TabBarController.swift */; };
		C093C65D2137140600C7C1AC /* MediaSort.swift in Sources */ = {isa = PBXBuildFile; fileRef = C093C65C2137140600C7C1AC /* MediaSort.swift */; };
		C093C65F2137150C00C7C1AC /* MediaType.swift in Sources */ = {isa = PBXBuildFile; fileRef = C093C65E2137150C00C7C1AC /* MediaType.swift */; };
		C093C6612137235D00C7C1AC /* Genre.swift in Sources */ = {isa = PBXBuildFile; fileRef = C093C6602137235D00C7C1AC /* Genre.swift */; };
		C093C66321372F6C00C7C1AC /* HomeData.swift in Sources */ = {isa = PBXBuildFile; fileRef = C093C66221372F6C00C7C1AC /* HomeData.swift */; };
		C093C66521373FB600C7C1AC /* DataError.swift in Sources */ = {isa = PBXBuildFile; fileRef = C093C66421373FB600C7C1AC /* DataError.swift */; };
		C0A86B5221359A2F00D94C5C /* HomeTableViewCell.swift in Sources */ = {isa = PBXBuildFile; fileRef = C0A86B5121359A2F00D94C5C /* HomeTableViewCell.swift */; };
		C0A86B5421359FB300D94C5C /* HomeCollectionViewCell.swift in Sources */ = {isa = PBXBuildFile; fileRef = C0A86B5321359FB300D94C5C /* HomeCollectionViewCell.swift */; };
		C0C8645A212E0D9C0026B6E7 /* AppDelegate.swift in Sources */ = {isa = PBXBuildFile; fileRef = C0C86459212E0D9C0026B6E7 /* AppDelegate.swift */; };
		C0C86461212E0D9E0026B6E7 /* Assets.xcassets in Resources */ = {isa = PBXBuildFile; fileRef = C0C86460212E0D9E0026B6E7 /* Assets.xcassets */; };
		C0C86464212E0D9E0026B6E7 /* LaunchScreen.storyboard in Resources */ = {isa = PBXBuildFile; fileRef = C0C86462212E0D9E0026B6E7 /* LaunchScreen.storyboard */; };
		C0C86470212E0FEA0026B6E7 /* HomeView.swift in Sources */ = {isa = PBXBuildFile; fileRef = C0C8646F212E0FEA0026B6E7 /* HomeView.swift */; };
		C0C86472212E0FFF0026B6E7 /* HomeTableViewController.swift in Sources */ = {isa = PBXBuildFile; fileRef = C0C86471212E0FFF0026B6E7 /* HomeTableViewController.swift */; };
		C0E8682321345ACC006FCCCA /* HTTPMethod.swift in Sources */ = {isa = PBXBuildFile; fileRef = C0E8682221345ACC006FCCCA /* HTTPMethod.swift */; };
		C0E868262134687B006FCCCA /* HeaderField.swift in Sources */ = {isa = PBXBuildFile; fileRef = C0E868252134687B006FCCCA /* HeaderField.swift */; };
		C0E8682821346995006FCCCA /* String.swift in Sources */ = {isa = PBXBuildFile; fileRef = C0E8682721346995006FCCCA /* String.swift */; };
		C0E8682A213470AC006FCCCA /* AniListElement.swift in Sources */ = {isa = PBXBuildFile; fileRef = C0E86829213470AC006FCCCA /* AniListElement.swift */; };
		C0E8682C21347173006FCCCA /* Media.swift in Sources */ = {isa = PBXBuildFile; fileRef = C0E8682B21347173006FCCCA /* Media.swift */; };
		C0E8682E213472E0006FCCCA /* DateReference.swift in Sources */ = {isa = PBXBuildFile; fileRef = C0E8682D213472E0006FCCCA /* DateReference.swift */; };
		C0E868302134A091006FCCCA /* QueryBuilder.swift in Sources */ = {isa = PBXBuildFile; fileRef = C0E8682F2134A091006FCCCA /* QueryBuilder.swift */; };
		C0E868322134A4BD006FCCCA /* Page.swift in Sources */ = {isa = PBXBuildFile; fileRef = C0E868312134A4BD006FCCCA /* Page.swift */; };
		C0E868342134A57D006FCCCA /* PageInfo.swift in Sources */ = {isa = PBXBuildFile; fileRef = C0E868332134A57D006FCCCA /* PageInfo.swift */; };
		C0E868362134A89C006FCCCA /* AniListPage.swift in Sources */ = {isa = PBXBuildFile; fileRef = C0E868352134A89C006FCCCA /* AniListPage.swift */; };
/* End PBXBuildFile section */

/* Begin PBXFileReference section */
		58AEDEC679F8CB5A910859F7 /* Pods-Whatcha!.debug.xcconfig */ = {isa = PBXFileReference; includeInIndex = 1; lastKnownFileType = text.xcconfig; name = "Pods-Whatcha!.debug.xcconfig"; path = "Pods/Target Support Files/Pods-Whatcha!/Pods-Whatcha!.debug.xcconfig"; sourceTree = "<group>"; };
		5F8B970378B2DEBA3A68E4F2 /* Pods_Whatcha_.framework */ = {isa = PBXFileReference; explicitFileType = wrapper.framework; includeInIndex = 0; path = Pods_Whatcha_.framework; sourceTree = BUILT_PRODUCTS_DIR; };
		79C2C4412CA2EFF6A31367C8 /* Pods-Whatcha!.release.xcconfig */ = {isa = PBXFileReference; includeInIndex = 1; lastKnownFileType = text.xcconfig; name = "Pods-Whatcha!.release.xcconfig"; path = "Pods/Target Support Files/Pods-Whatcha!/Pods-Whatcha!.release.xcconfig"; sourceTree = "<group>"; };
		C05A7042212F144700AA10DA /* Network.swift */ = {isa = PBXFileReference; lastKnownFileType = sourcecode.swift; path = Network.swift; sourceTree = "<group>"; };
		C05A7044212F629C00AA10DA /* TabBarController.swift */ = {isa = PBXFileReference; lastKnownFileType = sourcecode.swift; path = TabBarController.swift; sourceTree = "<group>"; };
		C093C65C2137140600C7C1AC /* MediaSort.swift */ = {isa = PBXFileReference; lastKnownFileType = sourcecode.swift; path = MediaSort.swift; sourceTree = "<group>"; };
		C093C65E2137150C00C7C1AC /* MediaType.swift */ = {isa = PBXFileReference; lastKnownFileType = sourcecode.swift; path = MediaType.swift; sourceTree = "<group>"; };
		C093C6602137235D00C7C1AC /* Genre.swift */ = {isa = PBXFileReference; lastKnownFileType = sourcecode.swift; path = Genre.swift; sourceTree = "<group>"; };
		C093C66221372F6C00C7C1AC /* HomeData.swift */ = {isa = PBXFileReference; lastKnownFileType = sourcecode.swift; path = HomeData.swift; sourceTree = "<group>"; };
		C093C66421373FB600C7C1AC /* DataError.swift */ = {isa = PBXFileReference; lastKnownFileType = sourcecode.swift; path = DataError.swift; sourceTree = "<group>"; };
		C0A86B5121359A2F00D94C5C /* HomeTableViewCell.swift */ = {isa = PBXFileReference; lastKnownFileType = sourcecode.swift; path = HomeTableViewCell.swift; sourceTree = "<group>"; };
		C0A86B5321359FB300D94C5C /* HomeCollectionViewCell.swift */ = {isa = PBXFileReference; lastKnownFileType = sourcecode.swift; path = HomeCollectionViewCell.swift; sourceTree = "<group>"; };
		C0C86456212E0D9C0026B6E7 /* Whatcha!.app */ = {isa = PBXFileReference; explicitFileType = wrapper.application; includeInIndex = 0; path = "Whatcha!.app"; sourceTree = BUILT_PRODUCTS_DIR; };
		C0C86459212E0D9C0026B6E7 /* AppDelegate.swift */ = {isa = PBXFileReference; lastKnownFileType = sourcecode.swift; path = AppDelegate.swift; sourceTree = "<group>"; };
		C0C86460212E0D9E0026B6E7 /* Assets.xcassets */ = {isa = PBXFileReference; lastKnownFileType = folder.assetcatalog; path = Assets.xcassets; sourceTree = "<group>"; };
		C0C86463212E0D9E0026B6E7 /* Base */ = {isa = PBXFileReference; lastKnownFileType = file.storyboard; name = Base; path = Base.lproj/LaunchScreen.storyboard; sourceTree = "<group>"; };
		C0C86465212E0D9E0026B6E7 /* Info.plist */ = {isa = PBXFileReference; lastKnownFileType = text.plist.xml; path = Info.plist; sourceTree = "<group>"; };
		C0C8646F212E0FEA0026B6E7 /* HomeView.swift */ = {isa = PBXFileReference; lastKnownFileType = sourcecode.swift; path = HomeView.swift; sourceTree = "<group>"; };
		C0C86471212E0FFF0026B6E7 /* HomeTableViewController.swift */ = {isa = PBXFileReference; lastKnownFileType = sourcecode.swift; path = HomeTableViewController.swift; sourceTree = "<group>"; };
		C0E8682221345ACC006FCCCA /* HTTPMethod.swift */ = {isa = PBXFileReference; lastKnownFileType = sourcecode.swift; path = HTTPMethod.swift; sourceTree = "<group>"; };
		C0E868252134687B006FCCCA /* HeaderField.swift */ = {isa = PBXFileReference; lastKnownFileType = sourcecode.swift; path = HeaderField.swift; sourceTree = "<group>"; };
		C0E8682721346995006FCCCA /* String.swift */ = {isa = PBXFileReference; lastKnownFileType = sourcecode.swift; path = String.swift; sourceTree = "<group>"; };
		C0E86829213470AC006FCCCA /* AniListElement.swift */ = {isa = PBXFileReference; lastKnownFileType = sourcecode.swift; path = AniListElement.swift; sourceTree = "<group>"; };
		C0E8682B21347173006FCCCA /* Media.swift */ = {isa = PBXFileReference; lastKnownFileType = sourcecode.swift; path = Media.swift; sourceTree = "<group>"; };
		C0E8682D213472E0006FCCCA /* DateReference.swift */ = {isa = PBXFileReference; lastKnownFileType = sourcecode.swift; path = DateReference.swift; sourceTree = "<group>"; };
		C0E8682F2134A091006FCCCA /* QueryBuilder.swift */ = {isa = PBXFileReference; lastKnownFileType = sourcecode.swift; path = QueryBuilder.swift; sourceTree = "<group>"; };
		C0E868312134A4BD006FCCCA /* Page.swift */ = {isa = PBXFileReference; lastKnownFileType = sourcecode.swift; path = Page.swift; sourceTree = "<group>"; };
		C0E868332134A57D006FCCCA /* PageInfo.swift */ = {isa = PBXFileReference; lastKnownFileType = sourcecode.swift; path = PageInfo.swift; sourceTree = "<group>"; };
		C0E868352134A89C006FCCCA /* AniListPage.swift */ = {isa = PBXFileReference; lastKnownFileType = sourcecode.swift; path = AniListPage.swift; sourceTree = "<group>"; };
/* End PBXFileReference section */

/* Begin PBXFrameworksBuildPhase section */
		C0C86453212E0D9C0026B6E7 /* Frameworks */ = {
			isa = PBXFrameworksBuildPhase;
			buildActionMask = 2147483647;
			files = (
				B98633B43551F2FFE51FCB09 /* Pods_Whatcha_.framework in Frameworks */,
			);
			runOnlyForDeploymentPostprocessing = 0;
		};
/* End PBXFrameworksBuildPhase section */

/* Begin PBXGroup section */
		3C5E6BCA85EFCFF8AB8E7D94 /* Pods */ = {
			isa = PBXGroup;
			children = (
				58AEDEC679F8CB5A910859F7 /* Pods-Whatcha!.debug.xcconfig */,
				79C2C4412CA2EFF6A31367C8 /* Pods-Whatcha!.release.xcconfig */,
			);
			name = Pods;
			sourceTree = "<group>";
		};
		C05A7046212F62B900AA10DA /* Home */ = {
			isa = PBXGroup;
			children = (
				C0C86471212E0FFF0026B6E7 /* HomeTableViewController.swift */,
			);
			path = Home;
			sourceTree = "<group>";
		};
		C05A7047212F62BF00AA10DA /* TabBar */ = {
			isa = PBXGroup;
			children = (
				C05A7044212F629C00AA10DA /* TabBarController.swift */,
			);
			path = TabBar;
			sourceTree = "<group>";
		};
		C05A7048212F6B2B00AA10DA /* Home */ = {
			isa = PBXGroup;
			children = (
				C0C8646F212E0FEA0026B6E7 /* HomeView.swift */,
				C0A86B5121359A2F00D94C5C /* HomeTableViewCell.swift */,
				C0A86B5321359FB300D94C5C /* HomeCollectionViewCell.swift */,
			);
			path = Home;
			sourceTree = "<group>";
		};
		C093C65B213713E100C7C1AC /* AniList */ = {
			isa = PBXGroup;
			children = (
				C0E8682F2134A091006FCCCA /* QueryBuilder.swift */,
				C093C65C2137140600C7C1AC /* MediaSort.swift */,
				C093C65E2137150C00C7C1AC /* MediaType.swift */,
				C093C6602137235D00C7C1AC /* Genre.swift */,
			);
			path = AniList;
			sourceTree = "<group>";
		};
		C0C8644D212E0D9C0026B6E7 = {
			isa = PBXGroup;
			children = (
				C0C86458212E0D9C0026B6E7 /* Whatcha! */,
				C0C86457212E0D9C0026B6E7 /* Products */,
				3C5E6BCA85EFCFF8AB8E7D94 /* Pods */,
				E3B1007288782CC69D2D581E /* Frameworks */,
			);
			sourceTree = "<group>";
		};
		C0C86457212E0D9C0026B6E7 /* Products */ = {
			isa = PBXGroup;
			children = (
				C0C86456212E0D9C0026B6E7 /* Whatcha!.app */,
			);
			name = Products;
			sourceTree = "<group>";
		};
		C0C86458212E0D9C0026B6E7 /* Whatcha! */ = {
			isa = PBXGroup;
			children = (
				C0C8646B212E0F620026B6E7 /* Network */,
				C0C8646E212E0FAF0026B6E7 /* Views */,
				C0C8646D212E0FA30026B6E7 /* Controllers */,
				C0C8646C212E0F680026B6E7 /* Models */,
				C0C86459212E0D9C0026B6E7 /* AppDelegate.swift */,
				C0C86460212E0D9E0026B6E7 /* Assets.xcassets */,
				C0C86462212E0D9E0026B6E7 /* LaunchScreen.storyboard */,
				C0C86465212E0D9E0026B6E7 /* Info.plist */,
			);
			path = "Whatcha!";
			sourceTree = "<group>";
		};
		C0C8646B212E0F620026B6E7 /* Network */ = {
			isa = PBXGroup;
			children = (
				C093C65B213713E100C7C1AC /* AniList */,
				C0E868242134682D006FCCCA /* Utility */,
				C05A7042212F144700AA10DA /* Network.swift */,
			);
			path = Network;
			sourceTree = "<group>";
		};
		C0C8646C212E0F680026B6E7 /* Models */ = {
			isa = PBXGroup;
			children = (
				C0E86829213470AC006FCCCA /* AniListElement.swift */,
				C0E8682B21347173006FCCCA /* Media.swift */,
				C0E8682D213472E0006FCCCA /* DateReference.swift */,
				C0E868312134A4BD006FCCCA /* Page.swift */,
				C0E868332134A57D006FCCCA /* PageInfo.swift */,
				C0E868352134A89C006FCCCA /* AniListPage.swift */,
				C093C66421373FB600C7C1AC /* DataError.swift */,
				C093C66221372F6C00C7C1AC /* HomeData.swift */,
			);
			path = Models;
			sourceTree = "<group>";
		};
		C0C8646D212E0FA30026B6E7 /* Controllers */ = {
			isa = PBXGroup;
			children = (
				C05A7047212F62BF00AA10DA /* TabBar */,
				C05A7046212F62B900AA10DA /* Home */,
			);
			path = Controllers;
			sourceTree = "<group>";
		};
		C0C8646E212E0FAF0026B6E7 /* Views */ = {
			isa = PBXGroup;
			children = (
				C05A7048212F6B2B00AA10DA /* Home */,
			);
			path = Views;
			sourceTree = "<group>";
		};
		C0E868242134682D006FCCCA /* Utility */ = {
			isa = PBXGroup;
			children = (
				C0E868252134687B006FCCCA /* HeaderField.swift */,
				C0E8682221345ACC006FCCCA /* HTTPMethod.swift */,
				C0E8682721346995006FCCCA /* String.swift */,
			);
			path = Utility;
			sourceTree = "<group>";
		};
		E3B1007288782CC69D2D581E /* Frameworks */ = {
			isa = PBXGroup;
			children = (
				5F8B970378B2DEBA3A68E4F2 /* Pods_Whatcha_.framework */,
			);
			name = Frameworks;
			sourceTree = "<group>";
		};
/* End PBXGroup section */

/* Begin PBXNativeTarget section */
		C0C86455212E0D9C0026B6E7 /* Whatcha! */ = {
			isa = PBXNativeTarget;
			buildConfigurationList = C0C86468212E0D9E0026B6E7 /* Build configuration list for PBXNativeTarget "Whatcha!" */;
			buildPhases = (
				0B2C3A3B77F5C977CB794C29 /* [CP] Check Pods Manifest.lock */,
				C0C86452212E0D9C0026B6E7 /* Sources */,
				C0C86453212E0D9C0026B6E7 /* Frameworks */,
				C0C86454212E0D9C0026B6E7 /* Resources */,
				C0C86473212E21C20026B6E7 /* ShellScript */,
			);
			buildRules = (
			);
			dependencies = (
			);
			name = "Whatcha!";
			productName = "Whatcha!";
			productReference = C0C86456212E0D9C0026B6E7 /* Whatcha!.app */;
			productType = "com.apple.product-type.application";
		};
/* End PBXNativeTarget section */

/* Begin PBXProject section */
		C0C8644E212E0D9C0026B6E7 /* Project object */ = {
			isa = PBXProject;
			attributes = {
				LastSwiftUpdateCheck = 0940;
				LastUpgradeCheck = 0940;
				ORGANIZATIONNAME = "Leonardo Garcia";
				TargetAttributes = {
					C0C86455212E0D9C0026B6E7 = {
						CreatedOnToolsVersion = 9.4.1;
					};
				};
			};
			buildConfigurationList = C0C86451212E0D9C0026B6E7 /* Build configuration list for PBXProject "Whatcha!" */;
			compatibilityVersion = "Xcode 9.3";
			developmentRegion = en;
			hasScannedForEncodings = 0;
			knownRegions = (
				en,
				Base,
			);
			mainGroup = C0C8644D212E0D9C0026B6E7;
			productRefGroup = C0C86457212E0D9C0026B6E7 /* Products */;
			projectDirPath = "";
			projectRoot = "";
			targets = (
				C0C86455212E0D9C0026B6E7 /* Whatcha! */,
			);
		};
/* End PBXProject section */

/* Begin PBXResourcesBuildPhase section */
		C0C86454212E0D9C0026B6E7 /* Resources */ = {
			isa = PBXResourcesBuildPhase;
			buildActionMask = 2147483647;
			files = (
				C0C86464212E0D9E0026B6E7 /* LaunchScreen.storyboard in Resources */,
				C0C86461212E0D9E0026B6E7 /* Assets.xcassets in Resources */,
			);
			runOnlyForDeploymentPostprocessing = 0;
		};
/* End PBXResourcesBuildPhase section */

/* Begin PBXShellScriptBuildPhase section */
		0B2C3A3B77F5C977CB794C29 /* [CP] Check Pods Manifest.lock */ = {
			isa = PBXShellScriptBuildPhase;
			buildActionMask = 2147483647;
			files = (
			);
			inputPaths = (
				"${PODS_PODFILE_DIR_PATH}/Podfile.lock",
				"${PODS_ROOT}/Manifest.lock",
			);
			name = "[CP] Check Pods Manifest.lock";
			outputPaths = (
				"$(DERIVED_FILE_DIR)/Pods-Whatcha!-checkManifestLockResult.txt",
			);
			runOnlyForDeploymentPostprocessing = 0;
			shellPath = /bin/sh;
			shellScript = "diff \"${PODS_PODFILE_DIR_PATH}/Podfile.lock\" \"${PODS_ROOT}/Manifest.lock\" > /dev/null\nif [ $? != 0 ] ; then\n    # print error to STDERR\n    echo \"error: The sandbox is not in sync with the Podfile.lock. Run 'pod install' or update your CocoaPods installation.\" >&2\n    exit 1\nfi\n# This output is used by Xcode 'outputs' to avoid re-running this script phase.\necho \"SUCCESS\" > \"${SCRIPT_OUTPUT_FILE_0}\"\n";
			showEnvVarsInLog = 0;
		};
		C0C86473212E21C20026B6E7 /* ShellScript */ = {
			isa = PBXShellScriptBuildPhase;
			buildActionMask = 2147483647;
			files = (
			);
			inputPaths = (
			);
			outputPaths = (
			);
			runOnlyForDeploymentPostprocessing = 0;
			shellPath = /bin/sh;
			shellScript = "\"${PODS_ROOT}/SwiftLint/swiftlint\"";
		};
/* End PBXShellScriptBuildPhase section */

/* Begin PBXSourcesBuildPhase section */
		C0C86452212E0D9C0026B6E7 /* Sources */ = {
			isa = PBXSourcesBuildPhase;
			buildActionMask = 2147483647;
			files = (
				C0E868362134A89C006FCCCA /* AniListPage.swift in Sources */,
				C0E868342134A57D006FCCCA /* PageInfo.swift in Sources */,
				C093C65D2137140600C7C1AC /* MediaSort.swift in Sources */,
				C05A7043212F144700AA10DA /* Network.swift in Sources */,
				C0E868322134A4BD006FCCCA /* Page.swift in Sources */,
				C0E868262134687B006FCCCA /* HeaderField.swift in Sources */,
				C0C86470212E0FEA0026B6E7 /* HomeView.swift in Sources */,
				C0E8682E213472E0006FCCCA /* DateReference.swift in Sources */,
				C093C66521373FB600C7C1AC /* DataError.swift in Sources */,
				C0E8682321345ACC006FCCCA /* HTTPMethod.swift in Sources */,
				C0E8682C21347173006FCCCA /* Media.swift in Sources */,
				C0E868302134A091006FCCCA /* QueryBuilder.swift in Sources */,
				C093C66321372F6C00C7C1AC /* HomeData.swift in Sources */,
				C093C6612137235D00C7C1AC /* Genre.swift in Sources */,
				C093C65F2137150C00C7C1AC /* MediaType.swift in Sources */,
				C0A86B5421359FB300D94C5C /* HomeCollectionViewCell.swift in Sources */,
				C0C8645A212E0D9C0026B6E7 /* AppDelegate.swift in Sources */,
				C05A7045212F629C00AA10DA /* TabBarController.swift in Sources */,
				C0E8682821346995006FCCCA /* String.swift in Sources */,
				C0C86472212E0FFF0026B6E7 /* HomeTableViewController.swift in Sources */,
				C0A86B5221359A2F00D94C5C /* HomeTableViewCell.swift in Sources */,
				C0E8682A213470AC006FCCCA /* AniListElement.swift in Sources */,
			);
			runOnlyForDeploymentPostprocessing = 0;
		};
/* End PBXSourcesBuildPhase section */

/* Begin PBXVariantGroup section */
		C0C86462212E0D9E0026B6E7 /* LaunchScreen.storyboard */ = {
			isa = PBXVariantGroup;
			children = (
				C0C86463212E0D9E0026B6E7 /* Base */,
			);
			name = LaunchScreen.storyboard;
			sourceTree = "<group>";
		};
/* End PBXVariantGroup section */

/* Begin XCBuildConfiguration section */
		C0C86466212E0D9E0026B6E7 /* Debug */ = {
			isa = XCBuildConfiguration;
			buildSettings = {
				ALWAYS_SEARCH_USER_PATHS = NO;
				CLANG_ANALYZER_NONNULL = YES;
				CLANG_ANALYZER_NUMBER_OBJECT_CONVERSION = YES_AGGRESSIVE;
				CLANG_CXX_LANGUAGE_STANDARD = "gnu++14";
				CLANG_CXX_LIBRARY = "libc++";
				CLANG_ENABLE_MODULES = YES;
				CLANG_ENABLE_OBJC_ARC = YES;
				CLANG_ENABLE_OBJC_WEAK = YES;
				CLANG_WARN_BLOCK_CAPTURE_AUTORELEASING = YES;
				CLANG_WARN_BOOL_CONVERSION = YES;
				CLANG_WARN_COMMA = YES;
				CLANG_WARN_CONSTANT_CONVERSION = YES;
				CLANG_WARN_DEPRECATED_OBJC_IMPLEMENTATIONS = YES;
				CLANG_WARN_DIRECT_OBJC_ISA_USAGE = YES_ERROR;
				CLANG_WARN_DOCUMENTATION_COMMENTS = YES;
				CLANG_WARN_EMPTY_BODY = YES;
				CLANG_WARN_ENUM_CONVERSION = YES;
				CLANG_WARN_INFINITE_RECURSION = YES;
				CLANG_WARN_INT_CONVERSION = YES;
				CLANG_WARN_NON_LITERAL_NULL_CONVERSION = YES;
				CLANG_WARN_OBJC_IMPLICIT_RETAIN_SELF = YES;
				CLANG_WARN_OBJC_LITERAL_CONVERSION = YES;
				CLANG_WARN_OBJC_ROOT_CLASS = YES_ERROR;
				CLANG_WARN_RANGE_LOOP_ANALYSIS = YES;
				CLANG_WARN_STRICT_PROTOTYPES = YES;
				CLANG_WARN_SUSPICIOUS_MOVE = YES;
				CLANG_WARN_UNGUARDED_AVAILABILITY = YES_AGGRESSIVE;
				CLANG_WARN_UNREACHABLE_CODE = YES;
				CLANG_WARN__DUPLICATE_METHOD_MATCH = YES;
				CODE_SIGN_IDENTITY = "iPhone Developer";
				COPY_PHASE_STRIP = NO;
				DEBUG_INFORMATION_FORMAT = dwarf;
				ENABLE_STRICT_OBJC_MSGSEND = YES;
				ENABLE_TESTABILITY = YES;
				GCC_C_LANGUAGE_STANDARD = gnu11;
				GCC_DYNAMIC_NO_PIC = NO;
				GCC_NO_COMMON_BLOCKS = YES;
				GCC_OPTIMIZATION_LEVEL = 0;
				GCC_PREPROCESSOR_DEFINITIONS = (
					"DEBUG=1",
					"$(inherited)",
				);
				GCC_WARN_64_TO_32_BIT_CONVERSION = YES;
				GCC_WARN_ABOUT_RETURN_TYPE = YES_ERROR;
				GCC_WARN_UNDECLARED_SELECTOR = YES;
				GCC_WARN_UNINITIALIZED_AUTOS = YES_AGGRESSIVE;
				GCC_WARN_UNUSED_FUNCTION = YES;
				GCC_WARN_UNUSED_VARIABLE = YES;
				IPHONEOS_DEPLOYMENT_TARGET = 11.4;
				MTL_ENABLE_DEBUG_INFO = YES;
				ONLY_ACTIVE_ARCH = YES;
				SDKROOT = iphoneos;
				SWIFT_ACTIVE_COMPILATION_CONDITIONS = DEBUG;
				SWIFT_OPTIMIZATION_LEVEL = "-Onone";
			};
			name = Debug;
		};
		C0C86467212E0D9E0026B6E7 /* Release */ = {
			isa = XCBuildConfiguration;
			buildSettings = {
				ALWAYS_SEARCH_USER_PATHS = NO;
				CLANG_ANALYZER_NONNULL = YES;
				CLANG_ANALYZER_NUMBER_OBJECT_CONVERSION = YES_AGGRESSIVE;
				CLANG_CXX_LANGUAGE_STANDARD = "gnu++14";
				CLANG_CXX_LIBRARY = "libc++";
				CLANG_ENABLE_MODULES = YES;
				CLANG_ENABLE_OBJC_ARC = YES;
				CLANG_ENABLE_OBJC_WEAK = YES;
				CLANG_WARN_BLOCK_CAPTURE_AUTORELEASING = YES;
				CLANG_WARN_BOOL_CONVERSION = YES;
				CLANG_WARN_COMMA = YES;
				CLANG_WARN_CONSTANT_CONVERSION = YES;
				CLANG_WARN_DEPRECATED_OBJC_IMPLEMENTATIONS = YES;
				CLANG_WARN_DIRECT_OBJC_ISA_USAGE = YES_ERROR;
				CLANG_WARN_DOCUMENTATION_COMMENTS = YES;
				CLANG_WARN_EMPTY_BODY = YES;
				CLANG_WARN_ENUM_CONVERSION = YES;
				CLANG_WARN_INFINITE_RECURSION = YES;
				CLANG_WARN_INT_CONVERSION = YES;
				CLANG_WARN_NON_LITERAL_NULL_CONVERSION = YES;
				CLANG_WARN_OBJC_IMPLICIT_RETAIN_SELF = YES;
				CLANG_WARN_OBJC_LITERAL_CONVERSION = YES;
				CLANG_WARN_OBJC_ROOT_CLASS = YES_ERROR;
				CLANG_WARN_RANGE_LOOP_ANALYSIS = YES;
				CLANG_WARN_STRICT_PROTOTYPES = YES;
				CLANG_WARN_SUSPICIOUS_MOVE = YES;
				CLANG_WARN_UNGUARDED_AVAILABILITY = YES_AGGRESSIVE;
				CLANG_WARN_UNREACHABLE_CODE = YES;
				CLANG_WARN__DUPLICATE_METHOD_MATCH = YES;
				CODE_SIGN_IDENTITY = "iPhone Developer";
				COPY_PHASE_STRIP = NO;
				DEBUG_INFORMATION_FORMAT = "dwarf-with-dsym";
				ENABLE_NS_ASSERTIONS = NO;
				ENABLE_STRICT_OBJC_MSGSEND = YES;
				GCC_C_LANGUAGE_STANDARD = gnu11;
				GCC_NO_COMMON_BLOCKS = YES;
				GCC_WARN_64_TO_32_BIT_CONVERSION = YES;
				GCC_WARN_ABOUT_RETURN_TYPE = YES_ERROR;
				GCC_WARN_UNDECLARED_SELECTOR = YES;
				GCC_WARN_UNINITIALIZED_AUTOS = YES_AGGRESSIVE;
				GCC_WARN_UNUSED_FUNCTION = YES;
				GCC_WARN_UNUSED_VARIABLE = YES;
				IPHONEOS_DEPLOYMENT_TARGET = 11.4;
				MTL_ENABLE_DEBUG_INFO = NO;
				SDKROOT = iphoneos;
				SWIFT_COMPILATION_MODE = wholemodule;
				SWIFT_OPTIMIZATION_LEVEL = "-O";
				VALIDATE_PRODUCT = YES;
			};
			name = Release;
		};
		C0C86469212E0D9E0026B6E7 /* Debug */ = {
			isa = XCBuildConfiguration;
			baseConfigurationReference = 58AEDEC679F8CB5A910859F7 /* Pods-Whatcha!.debug.xcconfig */;
			buildSettings = {
				ASSETCATALOG_COMPILER_APPICON_NAME = AppIcon;
				CODE_SIGN_STYLE = Automatic;
				DEVELOPMENT_TEAM = UJZZ365C8J;
				INFOPLIST_FILE = "Whatcha!/Info.plist";
				LD_RUNPATH_SEARCH_PATHS = (
					"$(inherited)",
					"@executable_path/Frameworks",
				);
				PRODUCT_BUNDLE_IDENTIFIER = "com.equih.com.Whatcha-";
				PRODUCT_NAME = "$(TARGET_NAME)";
				SWIFT_VERSION = 4.0;
				TARGETED_DEVICE_FAMILY = "1,2";
			};
			name = Debug;
		};
		C0C8646A212E0D9E0026B6E7 /* Release */ = {
			isa = XCBuildConfiguration;
			baseConfigurationReference = 79C2C4412CA2EFF6A31367C8 /* Pods-Whatcha!.release.xcconfig */;
			buildSettings = {
				ASSETCATALOG_COMPILER_APPICON_NAME = AppIcon;
				CODE_SIGN_STYLE = Automatic;
				DEVELOPMENT_TEAM = UJZZ365C8J;
				INFOPLIST_FILE = "Whatcha!/Info.plist";
				LD_RUNPATH_SEARCH_PATHS = (
					"$(inherited)",
					"@executable_path/Frameworks",
				);
				PRODUCT_BUNDLE_IDENTIFIER = "com.equih.com.Whatcha-";
				PRODUCT_NAME = "$(TARGET_NAME)";
				SWIFT_VERSION = 4.0;
				TARGETED_DEVICE_FAMILY = "1,2";
			};
			name = Release;
		};
/* End XCBuildConfiguration section */

/* Begin XCConfigurationList section */
		C0C86451212E0D9C0026B6E7 /* Build configuration list for PBXProject "Whatcha!" */ = {
			isa = XCConfigurationList;
			buildConfigurations = (
				C0C86466212E0D9E0026B6E7 /* Debug */,
				C0C86467212E0D9E0026B6E7 /* Release */,
			);
			defaultConfigurationIsVisible = 0;
			defaultConfigurationName = Release;
		};
		C0C86468212E0D9E0026B6E7 /* Build configuration list for PBXNativeTarget "Whatcha!" */ = {
			isa = XCConfigurationList;
			buildConfigurations = (
				C0C86469212E0D9E0026B6E7 /* Debug */,
				C0C8646A212E0D9E0026B6E7 /* Release */,
			);
			defaultConfigurationIsVisible = 0;
			defaultConfigurationName = Release;
		};
/* End XCConfigurationList section */
	};
	rootObject = C0C8644E212E0D9C0026B6E7 /* Project object */;
}
